# @generated - this file is auto-generated by `mise lock` https://mise.jdx.dev/dev-tools/mise-lock.html

[[tools.communique]]
version = "1.4.1"
backend = "packslip:github.com/jdx/communique"

[tools.communique."platforms.linux-arm64"]
checksum = "sha256:51cf76e08dea95cf063458aeb4af80cea0b096c7f31ca4ad0f98aa4b6cfb8bef"
url = "https://github.com/jdx/communique/releases/download/v1.4.1/communique-aarch64-unknown-linux-gnu.tar.gz"
signer = "sigstore-oidc:https://github.com/jdx/communique/.github/workflows/release.yml"

[tools.communique."platforms.linux-arm64-musl"]
checksum = "sha256:56b4917811897b102d14b03b38ff1236c88bbdf2d052a11388f9f2fc096a94b7"
url = "https://github.com/jdx/communique/releases/download/v1.4.1/communique-aarch64-unknown-linux-musl.tar.gz"
signer = "sigstore-oidc:https://github.com/jdx/communique/.github/workflows/release.yml"

[tools.communique."platforms.linux-x64"]
checksum = "sha256:5d26d71176c3988fff795a2b147ca0f1cf5bb4ed39f64a4f23733cfcd3728dda"
url = "https://github.com/jdx/communique/releases/download/v1.4.1/communique-x86_64-unknown-linux-gnu.tar.gz"
signer = "sigstore-oidc:https://github.com/jdx/communique/.github/workflows/release.yml"

[tools.communique."platforms.linux-x64-musl"]
checksum = "sha256:d58d4a91638e0eb1039169a06aa692b9f277f1ef787331412d104338b0652b25"
url = "https://github.com/jdx/communique/releases/download/v1.4.1/communique-x86_64-unknown-linux-musl.tar.gz"
signer = "sigstore-oidc:https://github.com/jdx/communique/.github/workflows/release.yml"

[tools.communique."platforms.macos-arm64"]
checksum = "sha256:7537d304bb5e750d79260454164af42975a67ba6ff1513e9c20ea75bc8f6983e"
url = "https://github.com/jdx/communique/releases/download/v1.4.1/communique-aarch64-apple-darwin.tar.gz"
signer = "sigstore-oidc:https://github.com/jdx/communique/.github/workflows/release.yml"

[tools.communique."platforms.windows-x64"]
checksum = "sha256:646738a955127b02bf69c4908399da0cab80edb40fa8578eda5f2a43b3c73ab7"
url = "https://github.com/jdx/communique/releases/download/v1.4.1/communique-x86_64-pc-windows-msvc.zip"
signer = "sigstore-oidc:https://github.com/jdx/communique/.github/workflows/release.yml"

[[tools.mr-boxington]]
version = "1.14.0"
backend = "packslip:github.com/jdx/mr-boxington"

[tools.mr-boxington."platforms.linux-arm64"]
checksum = "sha256:fdf7965e886e25b2a34cefcc1a0b685159a0ee66002f58b720a0e29b5901fee8"
url = "https://github.com/jdx/mr-boxington/releases/download/v1.14.0/mbx-aarch64-unknown-linux-gnu.tar.gz"
signer = "sigstore-oidc:https://github.com/jdx/mr-boxington/.github/workflows/release.yml"

[tools.mr-boxington."platforms.linux-arm64-musl"]
checksum = "sha256:bdb15ae0cc6a124e770a53ec52ac08f6da0cc574efe4dc7f787884ead8da35f5"
url = "https://github.com/jdx/mr-boxington/releases/download/v1.14.0/mbx-aarch64-unknown-linux-musl.tar.gz"
signer = "sigstore-oidc:https://github.com/jdx/mr-boxington/.github/workflows/release.yml"

[tools.mr-boxington."platforms.linux-x64"]
checksum = "sha256:fc32cc431a9e022519b16348962f99ca84626ff25196bc11e61cb05df66fb069"
url = "https://github.com/jdx/mr-boxington/releases/download/v1.14.0/mbx-x86_64-unknown-linux-gnu.tar.gz"
signer = "sigstore-oidc:https://github.com/jdx/mr-boxington/.github/workflows/release.yml"

[tools.mr-boxington."platforms.linux-x64-musl"]
checksum = "sha256:e048e5ae5957fe18506e1dafd149e881fe373c9e1c0d3ad7a94a54149420ccbb"
url = "https://github.com/jdx/mr-boxington/releases/download/v1.14.0/mbx-x86_64-unknown-linux-musl.tar.gz"
signer = "sigstore-oidc:https://github.com/jdx/mr-boxington/.github/workflows/release.yml"

[tools.mr-boxington."platforms.macos-arm64"]
checksum = "sha256:ff743aad797d198c9381d36ff3c4f49e6a2601832f7bdf8cccdb34106e5385cd"
url = "https://github.com/jdx/mr-boxington/releases/download/v1.14.0/mbx-aarch64-apple-darwin.tar.gz"
signer = "sigstore-oidc:https://github.com/jdx/mr-boxington/.github/workflows/release.yml"

[tools.mr-boxington."platforms.windows-x64"]
checksum = "sha256:5d102168bd30ac480da37b663edde883501aee4778bd757a547773d36cbcabfe"
url = "https://github.com/jdx/mr-boxington/releases/download/v1.14.0/mbx-x86_64-pc-windows-msvc.zip"
signer = "sigstore-oidc:https://github.com/jdx/mr-boxington/.github/workflows/release.yml"

[[tools.node]]
version = "24.21.0"
backend = "core:node"

[tools.node."platforms.linux-arm64"]
checksum = "sha256:724282c3b43aec998aa9527380465b45d229e021b58035f5f4f63095eabfe5d5"
url = "https://nodejs.org/dist/v24.21.0/node-v24.21.0-linux-arm64.tar.gz"

[tools.node."platforms.linux-arm64-musl"]
checksum = "sha256:3048b0811e158ca0d8672b59c839861763e144492980d8d29b369dfee45747e4"
url = "https://unofficial-builds.nodejs.org/download/release/v24.21.0/node-v24.21.0-linux-arm64-musl.tar.gz"

[tools.node."platforms.linux-x64"]
checksum = "sha256:6e1db87ef58b8819e5d5402eff1536491b18edd8eb7bee5ef7897876e88dc5ff"
url = "https://nodejs.org/dist/v24.21.0/node-v24.21.0-linux-x64.tar.gz"

[tools.node."platforms.linux-x64-musl"]
checksum = "sha256:01a713e34da98e7b4d2a3191ee7ca3f93dd0384d1a2ef23c379b2161ee6e133a"
url = "https://unofficial-builds.nodejs.org/download/release/v24.21.0/node-v24.21.0-linux-x64-musl.tar.gz"

[tools.node."platforms.macos-arm64"]
checksum = "sha256:bed7eea5325e1108f32ce5228ddd6a5f0f08a499ee42aa7442aea583702f6057"
url = "https://nodejs.org/dist/v24.21.0/node-v24.21.0-darwin-arm64.tar.gz"

[tools.node."platforms.windows-x64"]
checksum = "sha256:158f7685b44de51f6c0df1d153526cbcd3e1bc739a8dfc607721cef75de9e541"
url = "https://nodejs.org/dist/v24.21.0/node-v24.21.0-win-x64.zip"

[[tools.usage]]
version = "6.9.1"
backend = "packslip:github.com/jdx/usage"

[tools.usage."platforms.linux-arm64"]
checksum = "sha256:d4b65dfac2073007bb77cc8d9248900b59d4388eaaa73eb6137c8faba0ff030f"
url = "https://github.com/jdx/usage/releases/download/v6.9.1/usage-aarch64-unknown-linux-gnu.tar.gz"
signer = "sigstore-oidc:https://github.com/jdx/usage/.github/workflows/publish-cli.yml"

[tools.usage."platforms.linux-arm64-musl"]
checksum = "sha256:313143922a8ce05214ef4b55b9ae0f7ff5585da966bba65224c7bab3428c5aef"
url = "https://github.com/jdx/usage/releases/download/v6.9.1/usage-aarch64-unknown-linux-musl.tar.gz"
signer = "sigstore-oidc:https://github.com/jdx/usage/.github/workflows/publish-cli.yml"

[tools.usage."platforms.linux-x64"]
checksum = "sha256:8e1cafb10fe2ddee8c18076c09dea4c89ee2d25ac2c0ec5158fda5b8d4e02222"
url = "https://github.com/jdx/usage/releases/download/v6.9.1/usage-x86_64-unknown-linux-gnu.tar.gz"
signer = "sigstore-oidc:https://github.com/jdx/usage/.github/workflows/publish-cli.yml"

[tools.usage."platforms.linux-x64-musl"]
checksum = "sha256:3132b763f01e3cd346ebfedeff2e4e78f9a098eec1f3754b6db4ccfcda79aaf2"
url = "https://github.com/jdx/usage/releases/download/v6.9.1/usage-x86_64-unknown-linux-musl.tar.gz"
signer = "sigstore-oidc:https://github.com/jdx/usage/.github/workflows/publish-cli.yml"

[tools.usage."platforms.macos-arm64"]
checksum = "sha256:ddbb2c29ec16aca2cb44e0b0f64ba204b603ec50ed773ffda3db723e9aae73fe"
url = "https://github.com/jdx/usage/releases/download/v6.9.1/usage-universal-apple-darwin.tar.gz"
signer = "sigstore-oidc:https://github.com/jdx/usage/.github/workflows/publish-cli.yml"

[tools.usage."platforms.windows-x64"]
checksum = "sha256:932008a3f68f0b72fb2012443980d04b01029af9ba2d31a5af0601a76e7e5870"
url = "https://github.com/jdx/usage/releases/download/v6.9.1/usage-x86_64-pc-windows-msvc.zip"
signer = "sigstore-oidc:https://github.com/jdx/usage/.github/workflows/publish-cli.yml"
