# @generated - this file is auto-generated by `mise lock` https://mise.jdx.dev/dev-tools/mise-lock.html

[[tools.communique]]
version = "1.4.2"
backend = "packslip:github.com/jdx/communique"

[tools.communique."platforms.linux-arm64"]
checksum = "sha256:30199c0eeb0ff3214af9f25444eefbfa4b0e63ca5a6a76b84fee15ae36cd190e"
url = "https://github.com/jdx/communique/releases/download/v1.4.2/communique-aarch64-unknown-linux-gnu.tar.gz"
signer = "sigstore-oidc:https://github.com/jdx/communique/.github/workflows/release.yml"

[tools.communique."platforms.linux-arm64-musl"]
checksum = "sha256:ae0dfd79940e13b5b49a7bb00c34799c44a54062651e27e8ea39a23c2049fdac"
url = "https://github.com/jdx/communique/releases/download/v1.4.2/communique-aarch64-unknown-linux-musl.tar.gz"
signer = "sigstore-oidc:https://github.com/jdx/communique/.github/workflows/release.yml"

[tools.communique."platforms.linux-x64"]
checksum = "sha256:522e205e23c0ea7bb6752cf9eb22d8a16cf973ae3d7b807a91d826195d3edcdc"
url = "https://github.com/jdx/communique/releases/download/v1.4.2/communique-x86_64-unknown-linux-gnu.tar.gz"
signer = "sigstore-oidc:https://github.com/jdx/communique/.github/workflows/release.yml"

[tools.communique."platforms.linux-x64-musl"]
checksum = "sha256:d1f8c3abfe5041de1325d8f74d67c03473f05bb7343bb49ec534a108e4035dcc"
url = "https://github.com/jdx/communique/releases/download/v1.4.2/communique-x86_64-unknown-linux-musl.tar.gz"
signer = "sigstore-oidc:https://github.com/jdx/communique/.github/workflows/release.yml"

[tools.communique."platforms.macos-arm64"]
checksum = "sha256:e1327dc94074bddb5f1d66d2057ed0754766ac0a54656aa74260b6f24b594bf4"
url = "https://github.com/jdx/communique/releases/download/v1.4.2/communique-aarch64-apple-darwin.tar.gz"
signer = "sigstore-oidc:https://github.com/jdx/communique/.github/workflows/release.yml"

[tools.communique."platforms.windows-x64"]
checksum = "sha256:0d7b9a528a60584513460154b50a43d2eaa0b0218089ef5720c020367ea6c958"
url = "https://github.com/jdx/communique/releases/download/v1.4.2/communique-x86_64-pc-windows-msvc.zip"
signer = "sigstore-oidc:https://github.com/jdx/communique/.github/workflows/release.yml"

[[tools.mr-boxington]]
version = "1.14.0"
backend = "packslip:github.com/jdx/mr-boxington"

[tools.mr-boxington."platforms.linux-arm64"]
checksum = "sha256:fdf7965e886e25b2a34cefcc1a0b685159a0ee66002f58b720a0e29b5901fee8"
url = "https://github.com/jdx/mr-boxington/releases/download/v1.14.0/mbx-aarch64-unknown-linux-gnu.tar.gz"
signer = "sigstore-oidc:https://github.com/jdx/mr-boxington/.github/workflows/release.yml"

[tools.mr-boxington."platforms.linux-arm64-musl"]
checksum = "sha256:bdb15ae0cc6a124e770a53ec52ac08f6da0cc574efe4dc7f787884ead8da35f5"
url = "https://github.com/jdx/mr-boxington/releases/download/v1.14.0/mbx-aarch64-unknown-linux-musl.tar.gz"
signer = "sigstore-oidc:https://github.com/jdx/mr-boxington/.github/workflows/release.yml"

[tools.mr-boxington."platforms.linux-x64"]
checksum = "sha256:fc32cc431a9e022519b16348962f99ca84626ff25196bc11e61cb05df66fb069"
url = "https://github.com/jdx/mr-boxington/releases/download/v1.14.0/mbx-x86_64-unknown-linux-gnu.tar.gz"
signer = "sigstore-oidc:https://github.com/jdx/mr-boxington/.github/workflows/release.yml"

[tools.mr-boxington."platforms.linux-x64-musl"]
checksum = "sha256:e048e5ae5957fe18506e1dafd149e881fe373c9e1c0d3ad7a94a54149420ccbb"
url = "https://github.com/jdx/mr-boxington/releases/download/v1.14.0/mbx-x86_64-unknown-linux-musl.tar.gz"
signer = "sigstore-oidc:https://github.com/jdx/mr-boxington/.github/workflows/release.yml"

[tools.mr-boxington."platforms.macos-arm64"]
checksum = "sha256:ff743aad797d198c9381d36ff3c4f49e6a2601832f7bdf8cccdb34106e5385cd"
url = "https://github.com/jdx/mr-boxington/releases/download/v1.14.0/mbx-aarch64-apple-darwin.tar.gz"
signer = "sigstore-oidc:https://github.com/jdx/mr-boxington/.github/workflows/release.yml"

[tools.mr-boxington."platforms.windows-x64"]
checksum = "sha256:5d102168bd30ac480da37b663edde883501aee4778bd757a547773d36cbcabfe"
url = "https://github.com/jdx/mr-boxington/releases/download/v1.14.0/mbx-x86_64-pc-windows-msvc.zip"
signer = "sigstore-oidc:https://github.com/jdx/mr-boxington/.github/workflows/release.yml"

[[tools.node]]
version = "24.21.0"
backend = "core:node"

[tools.node."platforms.linux-arm64"]
checksum = "sha256:724282c3b43aec998aa9527380465b45d229e021b58035f5f4f63095eabfe5d5"
url = "https://nodejs.org/dist/v24.21.0/node-v24.21.0-linux-arm64.tar.gz"

[tools.node."platforms.linux-arm64-musl"]
checksum = "sha256:3048b0811e158ca0d8672b59c839861763e144492980d8d29b369dfee45747e4"
url = "https://unofficial-builds.nodejs.org/download/release/v24.21.0/node-v24.21.0-linux-arm64-musl.tar.gz"

[tools.node."platforms.linux-x64"]
checksum = "sha256:6e1db87ef58b8819e5d5402eff1536491b18edd8eb7bee5ef7897876e88dc5ff"
url = "https://nodejs.org/dist/v24.21.0/node-v24.21.0-linux-x64.tar.gz"

[tools.node."platforms.linux-x64-musl"]
checksum = "sha256:01a713e34da98e7b4d2a3191ee7ca3f93dd0384d1a2ef23c379b2161ee6e133a"
url = "https://unofficial-builds.nodejs.org/download/release/v24.21.0/node-v24.21.0-linux-x64-musl.tar.gz"

[tools.node."platforms.macos-arm64"]
checksum = "sha256:bed7eea5325e1108f32ce5228ddd6a5f0f08a499ee42aa7442aea583702f6057"
url = "https://nodejs.org/dist/v24.21.0/node-v24.21.0-darwin-arm64.tar.gz"

[tools.node."platforms.windows-x64"]
checksum = "sha256:158f7685b44de51f6c0df1d153526cbcd3e1bc739a8dfc607721cef75de9e541"
url = "https://nodejs.org/dist/v24.21.0/node-v24.21.0-win-x64.zip"

[[tools.usage]]
version = "6.11.0"
backend = "packslip:github.com/jdx/usage"

[tools.usage."platforms.linux-arm64"]
checksum = "sha256:84fae7251a458d804d1b574ce2b46f483fa5859b773c4a8c5012d9d86c68e7c4"
url = "https://github.com/jdx/usage/releases/download/v6.11.0/usage-aarch64-unknown-linux-gnu.tar.gz"
signer = "sigstore-oidc:https://github.com/jdx/usage/.github/workflows/publish-cli.yml"

[tools.usage."platforms.linux-arm64-musl"]
checksum = "sha256:e52a21f240c58890265e9c74f75e2d329f68220159abcf51aee0ef33f37e4990"
url = "https://github.com/jdx/usage/releases/download/v6.11.0/usage-aarch64-unknown-linux-musl.tar.gz"
signer = "sigstore-oidc:https://github.com/jdx/usage/.github/workflows/publish-cli.yml"

[tools.usage."platforms.linux-x64"]
checksum = "sha256:2ebc293d1645a80e3b7c4d87cd2cca35d34c6582733260fe1d13e537bb3d1e2e"
url = "https://github.com/jdx/usage/releases/download/v6.11.0/usage-x86_64-unknown-linux-gnu.tar.gz"
signer = "sigstore-oidc:https://github.com/jdx/usage/.github/workflows/publish-cli.yml"

[tools.usage."platforms.linux-x64-musl"]
checksum = "sha256:bbc05d7cf1e3f5d7f00bf97217e910898b6914283e5a0cd8c2224c4ce3c49f31"
url = "https://github.com/jdx/usage/releases/download/v6.11.0/usage-x86_64-unknown-linux-musl.tar.gz"
signer = "sigstore-oidc:https://github.com/jdx/usage/.github/workflows/publish-cli.yml"

[tools.usage."platforms.macos-arm64"]
checksum = "sha256:0277664d5a7f615ec427cfc312e175684f027bf69e43e76964f086aaf5e51d3f"
url = "https://github.com/jdx/usage/releases/download/v6.11.0/usage-universal-apple-darwin.tar.gz"
signer = "sigstore-oidc:https://github.com/jdx/usage/.github/workflows/publish-cli.yml"

[tools.usage."platforms.windows-x64"]
checksum = "sha256:49f78fdeb1678986a89fabffc10b9e01c1dee4d3f8f001cd245af0471df9d9be"
url = "https://github.com/jdx/usage/releases/download/v6.11.0/usage-x86_64-pc-windows-msvc.zip"
signer = "sigstore-oidc:https://github.com/jdx/usage/.github/workflows/publish-cli.yml"
